
Microsoft Visual Studio Solution File, Format Version 12.00
# Visual Studio Version 17
VisualStudioVersion = 17.5.33530.505
MinimumVisualStudioVersion = 10.0.40219.1
Project("{FAE04EC0-301F-11D3-BF4B-00C04F79EFBC}") = "Kuliah.PBO-Aplikasi-Cuaca", "Kuliah.PBO-Aplikasi-Cuaca\Kuliah.PBO-Aplikasi-Cuaca.csproj", "{83DB7C5A-CF34-4F44-89D6-FEF8EBE1C858}"
EndProject
Global
	GlobalSection(SolutionConfigurationPlatforms) = preSolution
		Debug|Any CPU = Debug|Any CPU
		Release|Any CPU = Release|Any CPU
	EndGlobalSection
	GlobalSection(ProjectConfigurationPlatforms) = postSolution
		{83DB7C5A-CF34-4F44-89D6-FEF8EBE1C858}.Debug|Any CPU.ActiveCfg = Debug|Any CPU
		{83DB7C5A-CF34-4F44-89D6-FEF8EBE1C858}.Debug|Any CPU.Build.0 = Debug|Any CPU
		{83DB7C5A-CF34-4F44-89D6-FEF8EBE1C858}.Release|Any CPU.ActiveCfg = Release|Any CPU
		{83DB7C5A-CF34-4F44-89D6-FEF8EBE1C858}.Release|Any CPU.Build.0 = Release|Any CPU
	EndGlobalSection
	GlobalSection(SolutionProperties) = preSolution
		HideSolutionNode = FALSE
	EndGlobalSection
	GlobalSection(ExtensibilityGlobals) = postSolution
		SolutionGuid = {EB1BDA7C-9868-471D-B4F6-E6815C1145E9}
	EndGlobalSection
EndGlobal
